
Microsoft Visual Studio Solution File, Format Version 11.00
# Visual Studio 2010
Project("{FAE04EC0-301F-11D3-BF4B-00C04F79EFBC}") = "CPIApiManager", "CPIApiManager\CPIApiManager.csproj", "{E67AE00E-DC35-4E8D-8B98-5B1E2F1527A6}"
EndProject
Global
	GlobalSection(SolutionConfigurationPlatforms) = preSolution
		Debug|x86 = Debug|x86
		Release|x86 = Release|x86
	EndGlobalSection
	GlobalSection(ProjectConfigurationPlatforms) = postSolution
		{E67AE00E-DC35-4E8D-8B98-5B1E2F1527A6}.Debug|x86.ActiveCfg = Debug|x86
		{E67AE00E-DC35-4E8D-8B98-5B1E2F1527A6}.Debug|x86.Build.0 = Debug|x86
		{E67AE00E-DC35-4E8D-8B98-5B1E2F1527A6}.Release|x86.ActiveCfg = Release|x86
		{E67AE00E-DC35-4E8D-8B98-5B1E2F1527A6}.Release|x86.Build.0 = Release|x86
	EndGlobalSection
	GlobalSection(SolutionProperties) = preSolution
		HideSolutionNode = FALSE
	EndGlobalSection
EndGlobal
